
Microsoft Visual Studio Solution File, Format Version 12.00
# Visual Studio 2013
VisualStudioVersion = 12.0.31101.0
MinimumVisualStudioVersion = 10.0.40219.1
Project("{FAE04EC0-301F-11D3-BF4B-00C04F79EFBC}") = "Whatt.Web", "Whatt.Web\Whatt.Web.csproj", "{B5CAEBBB-AE9C-4400-93D6-7BE37AD34165}"
EndProject
Project("{FAE04EC0-301F-11D3-BF4B-00C04F79EFBC}") = "Whatt.Tests", "Whatt.Tests\Whatt.Tests.csproj", "{3A57B3BE-56CA-46DE-8FBF-CC4EEABE3BF4}"
EndProject
Project("{FAE04EC0-301F-11D3-BF4B-00C04F79EFBC}") = "Whatt.Api", "Whatt.Api\Whatt.Api.csproj", "{30365CD6-5DDC-46E4-9C9B-7D26B133FCF5}"
EndProject
Project("{FAE04EC0-301F-11D3-BF4B-00C04F79EFBC}") = "Whatt.Api.Tests", "Whatt.Api.Tests\Whatt.Api.Tests.csproj", "{54968A08-C190-4357-8FA4-C10484234A3B}"
EndProject
Project("{FAE04EC0-301F-11D3-BF4B-00C04F79EFBC}") = "Whatt.Core", "Whatt.Core\Whatt.Core.csproj", "{8C00E8F8-204A-4BA1-A9EF-F6B5FF8F0B31}"
EndProject
Project("{FAE04EC0-301F-11D3-BF4B-00C04F79EFBC}") = "Whatt.Data", "Whatt.Data\Whatt.Data.csproj", "{839C92CB-23B2-4DBE-A884-FFB9BB5D5CB1}"
EndProject
Project("{FAE04EC0-301F-11D3-BF4B-00C04F79EFBC}") = "Whatt.Web.Models", "Whatt.Web.Model\Whatt.Web.Models.csproj", "{AD56B023-442B-4460-BE08-FC662EED4FA2}"
EndProject
Project("{FAE04EC0-301F-11D3-BF4B-00C04F79EFBC}") = "Whatt.Common", "Whatt.Common\Whatt.Common.csproj", "{51A94307-C3DA-4A92-8C12-5359FA4D70CF}"
EndProject
Global
	GlobalSection(SolutionConfigurationPlatforms) = preSolution
		Debug|Any CPU = Debug|Any CPU
		Release|Any CPU = Release|Any CPU
	EndGlobalSection
	GlobalSection(ProjectConfigurationPlatforms) = postSolution
		{B5CAEBBB-AE9C-4400-93D6-7BE37AD34165}.Debug|Any CPU.ActiveCfg = Debug|Any CPU
		{B5CAEBBB-AE9C-4400-93D6-7BE37AD34165}.Debug|Any CPU.Build.0 = Debug|Any CPU
		{B5CAEBBB-AE9C-4400-93D6-7BE37AD34165}.Release|Any CPU.ActiveCfg = Release|Any CPU
		{B5CAEBBB-AE9C-4400-93D6-7BE37AD34165}.Release|Any CPU.Build.0 = Release|Any CPU
		{3A57B3BE-56CA-46DE-8FBF-CC4EEABE3BF4}.Debug|Any CPU.ActiveCfg = Debug|Any CPU
		{3A57B3BE-56CA-46DE-8FBF-CC4EEABE3BF4}.Debug|Any CPU.Build.0 = Debug|Any CPU
		{3A57B3BE-56CA-46DE-8FBF-CC4EEABE3BF4}.Release|Any CPU.ActiveCfg = Release|Any CPU
		{3A57B3BE-56CA-46DE-8FBF-CC4EEABE3BF4}.Release|Any CPU.Build.0 = Release|Any CPU
		{30365CD6-5DDC-46E4-9C9B-7D26B133FCF5}.Debug|Any CPU.ActiveCfg = Debug|Any CPU
		{30365CD6-5DDC-46E4-9C9B-7D26B133FCF5}.Debug|Any CPU.Build.0 = Debug|Any CPU
		{30365CD6-5DDC-46E4-9C9B-7D26B133FCF5}.Release|Any CPU.ActiveCfg = Release|Any CPU
		{30365CD6-5DDC-46E4-9C9B-7D26B133FCF5}.Release|Any CPU.Build.0 = Release|Any CPU
		{54968A08-C190-4357-8FA4-C10484234A3B}.Debug|Any CPU.ActiveCfg = Debug|Any CPU
		{54968A08-C190-4357-8FA4-C10484234A3B}.Debug|Any CPU.Build.0 = Debug|Any CPU
		{54968A08-C190-4357-8FA4-C10484234A3B}.Release|Any CPU.ActiveCfg = Release|Any CPU
		{54968A08-C190-4357-8FA4-C10484234A3B}.Release|Any CPU.Build.0 = Release|Any CPU
		{8C00E8F8-204A-4BA1-A9EF-F6B5FF8F0B31}.Debug|Any CPU.ActiveCfg = Debug|Any CPU
		{8C00E8F8-204A-4BA1-A9EF-F6B5FF8F0B31}.Debug|Any CPU.Build.0 = Debug|Any CPU
		{8C00E8F8-204A-4BA1-A9EF-F6B5FF8F0B31}.Release|Any CPU.ActiveCfg = Release|Any CPU
		{8C00E8F8-204A-4BA1-A9EF-F6B5FF8F0B31}.Release|Any CPU.Build.0 = Release|Any CPU
		{839C92CB-23B2-4DBE-A884-FFB9BB5D5CB1}.Debug|Any CPU.ActiveCfg = Debug|Any CPU
		{839C92CB-23B2-4DBE-A884-FFB9BB5D5CB1}.Debug|Any CPU.Build.0 = Debug|Any CPU
		{839C92CB-23B2-4DBE-A884-FFB9BB5D5CB1}.Release|Any CPU.ActiveCfg = Release|Any CPU
		{839C92CB-23B2-4DBE-A884-FFB9BB5D5CB1}.Release|Any CPU.Build.0 = Release|Any CPU
		{AD56B023-442B-4460-BE08-FC662EED4FA2}.Debug|Any CPU.ActiveCfg = Debug|Any CPU
		{AD56B023-442B-4460-BE08-FC662EED4FA2}.Debug|Any CPU.Build.0 = Debug|Any CPU
		{AD56B023-442B-4460-BE08-FC662EED4FA2}.Release|Any CPU.ActiveCfg = Release|Any CPU
		{AD56B023-442B-4460-BE08-FC662EED4FA2}.Release|Any CPU.Build.0 = Release|Any CPU
		{51A94307-C3DA-4A92-8C12-5359FA4D70CF}.Debug|Any CPU.ActiveCfg = Debug|Any CPU
		{51A94307-C3DA-4A92-8C12-5359FA4D70CF}.Debug|Any CPU.Build.0 = Debug|Any CPU
		{51A94307-C3DA-4A92-8C12-5359FA4D70CF}.Release|Any CPU.ActiveCfg = Release|Any CPU
		{51A94307-C3DA-4A92-8C12-5359FA4D70CF}.Release|Any CPU.Build.0 = Release|Any CPU
	EndGlobalSection
	GlobalSection(SolutionProperties) = preSolution
		HideSolutionNode = FALSE
	EndGlobalSection
EndGlobal
